{
  "name": "nodejs",
  "version": "1.0.0",
  "lockfileVersion": 2,
  "requires": true,
  "packages": {
    "": {
      "name": "nodejs",
      "version": "1.0.0",
      "license": "ISC",
      "dependencies": {
        "docxyz": "^0.2.1",
        "node-autodetect-utf8-cp1251-cp866": "^0.1.0"
      }
    },
    "node_modules/@xmldom/xmldom": {
      "version": "0.8.6",
      "resolved": "https://registry.npmjs.org/@xmldom/xmldom/-/xmldom-0.8.6.tgz",
      "integrity": "sha512-uRjjusqpoqfmRkTaNuLJ2VohVr67Q5YwDATW3VU7PfzTj6IRaihGrYI7zckGZjxQPBIp63nfvJbM+Yu5ICh0Bg==",
      "engines": {
        "node": ">=10.0.0"
      }
    },
    "node_modules/adm-zip": {
      "version": "0.5.10",
      "resolved": "https://registry.npmjs.org/adm-zip/-/adm-zip-0.5.10.tgz",
      "integrity": "sha512-x0HvcHqVJNTPk/Bw8JbLWlWoo6Wwnsug0fnYYro1HBrjxZ3G7/AZk7Ahv8JwDe1uIcz8eBqvu86FuF1POiG7vQ==",
      "engines": {
        "node": ">=6.0"
      }
    },
    "node_modules/docxyz": {
      "version": "0.2.1",
      "resolved": "https://registry.npmjs.org/docxyz/-/docxyz-0.2.1.tgz",
      "integrity": "sha512-AoIFwmTerfSXEJM1qS7c76U65KHMTYgBre8D6dyyyIKkejP4Jl+PjTwC0QmbSxgmlzVjSS+m60P4vbMU1+bYjw==",
      "dependencies": {
        "@xmldom/xmldom": "^0.8.2",
        "adm-zip": "^0.5.9",
        "shasum-object": "^1.0.0",
        "xpath": "^0.0.32"
      }
    },
    "node_modules/fast-safe-stringify": {
      "version": "2.1.1",
      "resolved": "https://registry.npmjs.org/fast-safe-stringify/-/fast-safe-stringify-2.1.1.tgz",
      "integrity": "sha512-W+KJc2dmILlPplD/H4K9l9LcAHAfPtP6BY84uVLXQ6Evcz9Lcg33Y2z1IVblT6xdY54PXYVHEv+0Wpq8Io6zkA=="
    },
    "node_modules/iconv-lite": {
      "version": "0.4.24",
      "resolved": "https://registry.npmjs.org/iconv-lite/-/iconv-lite-0.4.24.tgz",
      "integrity": "sha512-v3MXnZAcvnywkTUEZomIActle7RXXeedOR31wwl7VlyoXO4Qi9arvSenNQWne1TcRwhCL1HwLI21bEqdpj8/rA==",
      "dependencies": {
        "safer-buffer": ">= 2.1.2 < 3"
      },
      "engines": {
        "node": ">=0.10.0"
      }
    },
    "node_modules/node-autodetect-utf8-cp1251-cp866": {
      "version": "0.1.0",
      "resolved": "https://registry.npmjs.org/node-autodetect-utf8-cp1251-cp866/-/node-autodetect-utf8-cp1251-cp866-0.1.0.tgz",
      "integrity": "sha512-6iHQht5XyJi8iLhjijd24pQVk8+0SiaamcSfq7Xor44Ui6+8cpZhURjDeVsQ0EIvJBHY87szv5SjcnWN/ilvdA==",
      "dependencies": {
        "iconv-lite": "^0.4.15"
      }
    },
    "node_modules/safer-buffer": {
      "version": "2.1.2",
      "resolved": "https://registry.npmjs.org/safer-buffer/-/safer-buffer-2.1.2.tgz",
      "integrity": "sha512-YZo3K82SD7Riyi0E1EQPojLz7kpepnSQI9IyPbHHg1XXXevb5dJI7tpyN2ADxGcQbHG7vcyRHk0cbwqcQriUtg=="
    },
    "node_modules/shasum-object": {
      "version": "1.0.0",
      "resolved": "https://registry.npmjs.org/shasum-object/-/shasum-object-1.0.0.tgz",
      "integrity": "sha512-Iqo5rp/3xVi6M4YheapzZhhGPVs0yZwHj7wvwQ1B9z8H6zk+FEnI7y3Teq7qwnekfEhu8WmG2z0z4iWZaxLWVg==",
      "dependencies": {
        "fast-safe-stringify": "^2.0.7"
      }
    },
    "node_modules/xpath": {
      "version": "0.0.32",
      "resolved": "https://registry.npmjs.org/xpath/-/xpath-0.0.32.tgz",
      "integrity": "sha512-rxMJhSIoiO8vXcWvSifKqhvV96GjiD5wYb8/QHdoRyQvraTpp4IEv944nhGausZZ3u7dhQXteZuZbaqfpB7uYw==",
      "engines": {
        "node": ">=0.6.0"
      }
    }
  },
  "dependencies": {
    "@xmldom/xmldom": {
      "version": "0.8.6",
      "resolved": "https://registry.npmjs.org/@xmldom/xmldom/-/xmldom-0.8.6.tgz",
      "integrity": "sha512-uRjjusqpoqfmRkTaNuLJ2VohVr67Q5YwDATW3VU7PfzTj6IRaihGrYI7zckGZjxQPBIp63nfvJbM+Yu5ICh0Bg=="
    },
    "adm-zip": {
      "version": "0.5.10",
      "resolved": "https://registry.npmjs.org/adm-zip/-/adm-zip-0.5.10.tgz",
      "integrity": "sha512-x0HvcHqVJNTPk/Bw8JbLWlWoo6Wwnsug0fnYYro1HBrjxZ3G7/AZk7Ahv8JwDe1uIcz8eBqvu86FuF1POiG7vQ=="
    },
    "docxyz": {
      "version": "0.2.1",
      "resolved": "https://registry.npmjs.org/docxyz/-/docxyz-0.2.1.tgz",
      "integrity": "sha512-AoIFwmTerfSXEJM1qS7c76U65KHMTYgBre8D6dyyyIKkejP4Jl+PjTwC0QmbSxgmlzVjSS+m60P4vbMU1+bYjw==",
      "requires": {
        "@xmldom/xmldom": "^0.8.2",
        "adm-zip": "^0.5.9",
        "shasum-object": "^1.0.0",
        "xpath": "^0.0.32"
      }
    },
    "fast-safe-stringify": {
      "version": "2.1.1",
      "resolved": "https://registry.npmjs.org/fast-safe-stringify/-/fast-safe-stringify-2.1.1.tgz",
      "integrity": "sha512-W+KJc2dmILlPplD/H4K9l9LcAHAfPtP6BY84uVLXQ6Evcz9Lcg33Y2z1IVblT6xdY54PXYVHEv+0Wpq8Io6zkA=="
    },
    "iconv-lite": {
      "version": "0.4.24",
      "resolved": "https://registry.npmjs.org/iconv-lite/-/iconv-lite-0.4.24.tgz",
      "integrity": "sha512-v3MXnZAcvnywkTUEZomIActle7RXXeedOR31wwl7VlyoXO4Qi9arvSenNQWne1TcRwhCL1HwLI21bEqdpj8/rA==",
      "requires": {
        "safer-buffer": ">= 2.1.2 < 3"
      }
    },
    "node-autodetect-utf8-cp1251-cp866": {
      "version": "0.1.0",
      "resolved": "https://registry.npmjs.org/node-autodetect-utf8-cp1251-cp866/-/node-autodetect-utf8-cp1251-cp866-0.1.0.tgz",
      "integrity": "sha512-6iHQht5XyJi8iLhjijd24pQVk8+0SiaamcSfq7Xor44Ui6+8cpZhURjDeVsQ0EIvJBHY87szv5SjcnWN/ilvdA==",
      "requires": {
        "iconv-lite": "^0.4.15"
      }
    },
    "safer-buffer": {
      "version": "2.1.2",
      "resolved": "https://registry.npmjs.org/safer-buffer/-/safer-buffer-2.1.2.tgz",
      "integrity": "sha512-YZo3K82SD7Riyi0E1EQPojLz7kpepnSQI9IyPbHHg1XXXevb5dJI7tpyN2ADxGcQbHG7vcyRHk0cbwqcQriUtg=="
    },
    "shasum-object": {
      "version": "1.0.0",
      "resolved": "https://registry.npmjs.org/shasum-object/-/shasum-object-1.0.0.tgz",
      "integrity": "sha512-Iqo5rp/3xVi6M4YheapzZhhGPVs0yZwHj7wvwQ1B9z8H6zk+FEnI7y3Teq7qwnekfEhu8WmG2z0z4iWZaxLWVg==",
      "requires": {
        "fast-safe-stringify": "^2.0.7"
      }
    },
    "xpath": {
      "version": "0.0.32",
      "resolved": "https://registry.npmjs.org/xpath/-/xpath-0.0.32.tgz",
      "integrity": "sha512-rxMJhSIoiO8vXcWvSifKqhvV96GjiD5wYb8/QHdoRyQvraTpp4IEv944nhGausZZ3u7dhQXteZuZbaqfpB7uYw=="
    }
  }
}
